
Microsoft Visual Studio Solution File, Format Version 12.00
# Visual Studio Version 17
VisualStudioVersion = 17.9.34622.214
MinimumVisualStudioVersion = 10.0.40219.1
Project("{FAE04EC0-301F-11D3-BF4B-00C04F79EFBC}") = "TaskManagein", "TaskManagein\TaskManagein.csproj", "{D1E2F7F9-7F7D-4902-99DB-1A3ED1686647}"
EndProject
Global
	GlobalSection(SolutionConfigurationPlatforms) = preSolution
		Debug|Any CPU = Debug|Any CPU
		Release|Any CPU = Release|Any CPU
	EndGlobalSection
	GlobalSection(ProjectConfigurationPlatforms) = postSolution
		{D1E2F7F9-7F7D-4902-99DB-1A3ED1686647}.Debug|Any CPU.ActiveCfg = Debug|Any CPU
		{D1E2F7F9-7F7D-4902-99DB-1A3ED1686647}.Debug|Any CPU.Build.0 = Debug|Any CPU
		{D1E2F7F9-7F7D-4902-99DB-1A3ED1686647}.Release|Any CPU.ActiveCfg = Release|Any CPU
		{D1E2F7F9-7F7D-4902-99DB-1A3ED1686647}.Release|Any CPU.Build.0 = Release|Any CPU
	EndGlobalSection
	GlobalSection(SolutionProperties) = preSolution
		HideSolutionNode = FALSE
	EndGlobalSection
	GlobalSection(ExtensibilityGlobals) = postSolution
		SolutionGuid = {57D34598-29C9-4DE6-B957-E6BE6D07F107}
	EndGlobalSection
EndGlobal
